<Solution>
  <Folder Name="/src/">
    <Project Path="src/AFMediaBar/AFMediaBar.csproj" />
    <Project Path="src/AFMediaBar.Core/AFMediaBar.Core.csproj" />
    <Project Path="src/AFMediaBar.Components/AFMediaBar.Components.csproj" />
    <Project Path="src/AFMediaBar.Components.Wpf/AFMediaBar.Components.Wpf.csproj" />
    <Project Path="src/AFMediaBar.Layout/AFMediaBar.Layout.csproj" />
    <Project Path="src/AFMediaBar.LayoutEditor.Wpf/AFMediaBar.LayoutEditor.Wpf.csproj" />
    <Project Path="src/AFMediaBar.Platform.Windows/AFMediaBar.Platform.Windows.csproj" />
  </Folder>
  <Folder Name="/tests/">
    <Project Path="tests/AFMediaBar.Core.Tests/AFMediaBar.Core.Tests.csproj" />
    <Project Path="tests/AFMediaBar.Components.Tests/AFMediaBar.Components.Tests.csproj" />
  </Folder>
  <Folder Name="/prototypes/">
    <Project Path="prototypes/AFMediaBar.LayoutEditor.Sandbox/AFMediaBar.LayoutEditor.Sandbox.csproj" />
    <Project Path="prototypes/AFMediaBar.WinUI.TaskbarHost/AFMediaBar.WinUI.TaskbarHost.csproj" />
    <Project Path="prototypes/AFMediaBar.WinUI.Migration/AFMediaBar.WinUI.Migration.csproj" />
  </Folder>
</Solution>
